// !$*UTF8*$!
{
	archiveVersion = 1;
	classes = {
	};
	objectVersion = 56;
	objects = {

/* Begin PBXBuildFile section */
		C50F8DB3290842630022D353 /* SceneDelegateTests.swift in Sources */ = {isa = PBXBuildFile; fileRef = C50F8DB2290842630022D353 /* SceneDelegateTests.swift */; };
		C50F8DBA290845720022D353 /* FeedUIComposer.swift in Sources */ = {isa = PBXBuildFile; fileRef = C50F8DB7290845720022D353 /* FeedUIComposer.swift */; };
		C50F8DBC290845720022D353 /* FeedViewAdapter.swift in Sources */ = {isa = PBXBuildFile; fileRef = C50F8DB8290845720022D353 /* FeedViewAdapter.swift */; };
		C50F8DBE290845720022D353 /* WeakRefVirtualProxy.swift in Sources */ = {isa = PBXBuildFile; fileRef = C50F8DB6290845720022D353 /* WeakRefVirtualProxy.swift */; };
		C50F8DBF290845720022D353 /* LoadResourcePresentationAdapter.swift in Sources */ = {isa = PBXBuildFile; fileRef = C50F8DB4290845720022D353 /* LoadResourcePresentationAdapter.swift */; };
		C50F8DC9290845990022D353 /* UIRefreshControl+TestHelpers.swift in Sources */ = {isa = PBXBuildFile; fileRef = C50F8DC6290845990022D353 /* UIRefreshControl+TestHelpers.swift */; };
		C50F8DCA290845990022D353 /* ListViewController+TestHelpers.swift in Sources */ = {isa = PBXBuildFile; fileRef = C50F8DC0290845990022D353 /* ListViewController+TestHelpers.swift */; };
		C50F8DCB290845990022D353 /* UIButton+TestHelpers.swift in Sources */ = {isa = PBXBuildFile; fileRef = C50F8DC8290845990022D353 /* UIButton+TestHelpers.swift */; };
		C50F8DCC290845990022D353 /* UIImage+TestHelpers.swift in Sources */ = {isa = PBXBuildFile; fileRef = C50F8DC7290845990022D353 /* UIImage+TestHelpers.swift */; };
		C50F8DCD290845990022D353 /* FeedImageCell+TestHelpers.swift in Sources */ = {isa = PBXBuildFile; fileRef = C50F8DC5290845990022D353 /* FeedImageCell+TestHelpers.swift */; };
		C50F8DCE290845990022D353 /* FeedViewControllerTests+LoaderSpy.swift in Sources */ = {isa = PBXBuildFile; fileRef = C50F8DC2290845990022D353 /* FeedViewControllerTests+LoaderSpy.swift */; };
		C50F8DCF290845990022D353 /* FeedViewControllerTests+Localization.swift in Sources */ = {isa = PBXBuildFile; fileRef = C50F8DC3290845990022D353 /* FeedViewControllerTests+Localization.swift */; };
		C50F8DD0290845990022D353 /* FeedUIIntegrationTestsTests+Assertions.swift in Sources */ = {isa = PBXBuildFile; fileRef = C50F8DC1290845990022D353 /* FeedUIIntegrationTestsTests+Assertions.swift */; };
		C50F8DD1290845990022D353 /* UIControl+TestHelpers.swift in Sources */ = {isa = PBXBuildFile; fileRef = C50F8DC4290845990022D353 /* UIControl+TestHelpers.swift */; };
		C50F8DD3290845C50022D353 /* FeedUIIntegrationTests.swift in Sources */ = {isa = PBXBuildFile; fileRef = C50F8DD2290845C50022D353 /* FeedUIIntegrationTests.swift */; };
		C526AE7B2908E1CE0046ABC8 /* FeedAcceptanceTests.swift in Sources */ = {isa = PBXBuildFile; fileRef = C526AE7A2908E1CE0046ABC8 /* FeedAcceptanceTests.swift */; };
		C5296BE328F93A5C00CA7381 /* XCTestCase+MemoryLeakTracking.swift in Sources */ = {isa = PBXBuildFile; fileRef = C5296BE228F93A5C00CA7381 /* XCTestCase+MemoryLeakTracking.swift */; };
		C5296BE528F93A9C00CA7381 /* SharedTestHelpers.swift in Sources */ = {isa = PBXBuildFile; fileRef = C5296BE428F93A9C00CA7381 /* SharedTestHelpers.swift */; };
		C539527728F5D6D500094060 /* AppDelegate.swift in Sources */ = {isa = PBXBuildFile; fileRef = C539527628F5D6D500094060 /* AppDelegate.swift */; };
		C539527928F5D6D500094060 /* SceneDelegate.swift in Sources */ = {isa = PBXBuildFile; fileRef = C539527828F5D6D500094060 /* SceneDelegate.swift */; };
		C539527B28F5D6D500094060 /* ViewController.swift in Sources */ = {isa = PBXBuildFile; fileRef = C539527A28F5D6D500094060 /* ViewController.swift */; };
		C539528028F5D6D500094060 /* Assets.xcassets in Resources */ = {isa = PBXBuildFile; fileRef = C539527F28F5D6D500094060 /* Assets.xcassets */; };
		C539528328F5D6D500094060 /* LaunchScreen.storyboard in Resources */ = {isa = PBXBuildFile; fileRef = C539528128F5D6D500094060 /* LaunchScreen.storyboard */; };
		C5436FFC29094E6D00A2A4B8 /* HTTPClientStub.swift in Sources */ = {isa = PBXBuildFile; fileRef = C5436FFB29094E6D00A2A4B8 /* HTTPClientStub.swift */; };
		C5436FFE29094EDE00A2A4B8 /* InMemoryFeedStore.swift in Sources */ = {isa = PBXBuildFile; fileRef = C5436FFD29094EDE00A2A4B8 /* InMemoryFeedStore.swift */; };
		C551A6CC29683E2600FF9F51 /* FeedUIIntegrationsTests+Localization.swift in Sources */ = {isa = PBXBuildFile; fileRef = C551A6CB29683E2600FF9F51 /* FeedUIIntegrationsTests+Localization.swift */; };
		C5599D6529657A1700703DC2 /* CombineHelpers.swift in Sources */ = {isa = PBXBuildFile; fileRef = C5599D6429657A1700703DC2 /* CombineHelpers.swift */; };
		C5B2216C28F5D95600FC61CF /* EssentialFeed.framework in Frameworks */ = {isa = PBXBuildFile; fileRef = C5B2216A28F5D95600FC61CF /* EssentialFeed.framework */; };
		C5B2216D28F5D95600FC61CF /* EssentialFeed.framework in Embed Frameworks */ = {isa = PBXBuildFile; fileRef = C5B2216A28F5D95600FC61CF /* EssentialFeed.framework */; settings = {ATTRIBUTES = (CodeSignOnCopy, RemoveHeadersOnCopy, ); }; };
		C5B2216E28F5D95600FC61CF /* EssentialFeediOS.framework in Frameworks */ = {isa = PBXBuildFile; fileRef = C5B2216B28F5D95600FC61CF /* EssentialFeediOS.framework */; };
		C5B2216F28F5D95600FC61CF /* EssentialFeediOS.framework in Embed Frameworks */ = {isa = PBXBuildFile; fileRef = C5B2216B28F5D95600FC61CF /* EssentialFeediOS.framework */; settings = {ATTRIBUTES = (CodeSignOnCopy, RemoveHeadersOnCopy, ); }; };
		C5C1B86C291576D000CF93F6 /* UIView+TestHelpers.swift in Sources */ = {isa = PBXBuildFile; fileRef = C5C1B86B291576D000CF93F6 /* UIView+TestHelpers.swift */; };
		C5DDA39329745BDB0026A7CF /* CommentsUIComposer.swift in Sources */ = {isa = PBXBuildFile; fileRef = C5DDA39229745BDB0026A7CF /* CommentsUIComposer.swift */; };
		C5DDA39529745C0B0026A7CF /* CommentsUIIntegrationTests.swift in Sources */ = {isa = PBXBuildFile; fileRef = C5DDA39429745C0B0026A7CF /* CommentsUIIntegrationTests.swift */; };
/* End PBXBuildFile section */

/* Begin PBXContainerItemProxy section */
		C539528A28F5D6D500094060 /* PBXContainerItemProxy */ = {
			isa = PBXContainerItemProxy;
			containerPortal = C539526B28F5D6D400094060 /* Project object */;
			proxyType = 1;
			remoteGlobalIDString = C539527228F5D6D500094060;
			remoteInfo = EssentialApp;
		};
		C539529428F5D6D500094060 /* PBXContainerItemProxy */ = {
			isa = PBXContainerItemProxy;
			containerPortal = C539526B28F5D6D400094060 /* Project object */;
			proxyType = 1;
			remoteGlobalIDString = C539527228F5D6D500094060;
			remoteInfo = EssentialApp;
		};
/* End PBXContainerItemProxy section */

/* Begin PBXCopyFilesBuildPhase section */
		C5B2217028F5D95600FC61CF /* Embed Frameworks */ = {
			isa = PBXCopyFilesBuildPhase;
			buildActionMask = 2147483647;
			dstPath = "";
			dstSubfolderSpec = 10;
			files = (
				C5B2216D28F5D95600FC61CF /* EssentialFeed.framework in Embed Frameworks */,
				C5B2216F28F5D95600FC61CF /* EssentialFeediOS.framework in Embed Frameworks */,
			);
			name = "Embed Frameworks";
			runOnlyForDeploymentPostprocessing = 0;
		};
/* End PBXCopyFilesBuildPhase section */

/* Begin PBXFileReference section */
		C50D2F4128F8805E00ED7ADF /* EssentialAppTests-Bridging-Header.h */ = {isa = PBXFileReference; lastKnownFileType = sourcecode.c.h; path = "EssentialAppTests-Bridging-Header.h"; sourceTree = "<group>"; };
		C50F8DB2290842630022D353 /* SceneDelegateTests.swift */ = {isa = PBXFileReference; lastKnownFileType = sourcecode.swift; path = SceneDelegateTests.swift; sourceTree = "<group>"; };
		C50F8DB4290845720022D353 /* LoadResourcePresentationAdapter.swift */ = {isa = PBXFileReference; lastKnownFileType = sourcecode.swift; path = LoadResourcePresentationAdapter.swift; sourceTree = "<group>"; };
		C50F8DB6290845720022D353 /* WeakRefVirtualProxy.swift */ = {isa = PBXFileReference; lastKnownFileType = sourcecode.swift; path = WeakRefVirtualProxy.swift; sourceTree = "<group>"; };
		C50F8DB7290845720022D353 /* FeedUIComposer.swift */ = {isa = PBXFileReference; lastKnownFileType = sourcecode.swift; path = FeedUIComposer.swift; sourceTree = "<group>"; };
		C50F8DB8290845720022D353 /* FeedViewAdapter.swift */ = {isa = PBXFileReference; lastKnownFileType = sourcecode.swift; path = FeedViewAdapter.swift; sourceTree = "<group>"; };
		C50F8DC0290845990022D353 /* ListViewController+TestHelpers.swift */ = {isa = PBXFileReference; lastKnownFileType = sourcecode.swift; path = "ListViewController+TestHelpers.swift"; sourceTree = "<group>"; };
		C50F8DC1290845990022D353 /* FeedUIIntegrationTestsTests+Assertions.swift */ = {isa = PBXFileReference; lastKnownFileType = sourcecode.swift; path = "FeedUIIntegrationTestsTests+Assertions.swift"; sourceTree = "<group>"; };
		C50F8DC2290845990022D353 /* FeedViewControllerTests+LoaderSpy.swift */ = {isa = PBXFileReference; lastKnownFileType = sourcecode.swift; path = "FeedViewControllerTests+LoaderSpy.swift"; sourceTree = "<group>"; };
		C50F8DC3290845990022D353 /* FeedViewControllerTests+Localization.swift */ = {isa = PBXFileReference; lastKnownFileType = sourcecode.swift; path = "FeedViewControllerTests+Localization.swift"; sourceTree = "<group>"; };
		C50F8DC4290845990022D353 /* UIControl+TestHelpers.swift */ = {isa = PBXFileReference; lastKnownFileType = sourcecode.swift; path = "UIControl+TestHelpers.swift"; sourceTree = "<group>"; };
		C50F8DC5290845990022D353 /* FeedImageCell+TestHelpers.swift */ = {isa = PBXFileReference; lastKnownFileType = sourcecode.swift; path = "FeedImageCell+TestHelpers.swift"; sourceTree = "<group>"; };
		C50F8DC6290845990022D353 /* UIRefreshControl+TestHelpers.swift */ = {isa = PBXFileReference; lastKnownFileType = sourcecode.swift; path = "UIRefreshControl+TestHelpers.swift"; sourceTree = "<group>"; };
		C50F8DC7290845990022D353 /* UIImage+TestHelpers.swift */ = {isa = PBXFileReference; lastKnownFileType = sourcecode.swift; path = "UIImage+TestHelpers.swift"; sourceTree = "<group>"; };
		C50F8DC8290845990022D353 /* UIButton+TestHelpers.swift */ = {isa = PBXFileReference; lastKnownFileType = sourcecode.swift; path = "UIButton+TestHelpers.swift"; sourceTree = "<group>"; };
		C50F8DD2290845C50022D353 /* FeedUIIntegrationTests.swift */ = {isa = PBXFileReference; lastKnownFileType = sourcecode.swift; path = FeedUIIntegrationTests.swift; sourceTree = "<group>"; };
		C526AE7A2908E1CE0046ABC8 /* FeedAcceptanceTests.swift */ = {isa = PBXFileReference; lastKnownFileType = sourcecode.swift; path = FeedAcceptanceTests.swift; sourceTree = "<group>"; };
		C5296BE228F93A5C00CA7381 /* XCTestCase+MemoryLeakTracking.swift */ = {isa = PBXFileReference; lastKnownFileType = sourcecode.swift; path = "XCTestCase+MemoryLeakTracking.swift"; sourceTree = "<group>"; };
		C5296BE428F93A9C00CA7381 /* SharedTestHelpers.swift */ = {isa = PBXFileReference; lastKnownFileType = sourcecode.swift; path = SharedTestHelpers.swift; sourceTree = "<group>"; };
		C539527328F5D6D500094060 /* EssentialApp.app */ = {isa = PBXFileReference; explicitFileType = wrapper.application; includeInIndex = 0; path = EssentialApp.app; sourceTree = BUILT_PRODUCTS_DIR; };
		C539527628F5D6D500094060 /* AppDelegate.swift */ = {isa = PBXFileReference; lastKnownFileType = sourcecode.swift; path = AppDelegate.swift; sourceTree = "<group>"; };
		C539527828F5D6D500094060 /* SceneDelegate.swift */ = {isa = PBXFileReference; lastKnownFileType = sourcecode.swift; path = SceneDelegate.swift; sourceTree = "<group>"; };
		C539527A28F5D6D500094060 /* ViewController.swift */ = {isa = PBXFileReference; lastKnownFileType = sourcecode.swift; path = ViewController.swift; sourceTree = "<group>"; };
		C539527F28F5D6D500094060 /* Assets.xcassets */ = {isa = PBXFileReference; lastKnownFileType = folder.assetcatalog; path = Assets.xcassets; sourceTree = "<group>"; };
		C539528228F5D6D500094060 /* Base */ = {isa = PBXFileReference; lastKnownFileType = file.storyboard; name = Base; path = Base.lproj/LaunchScreen.storyboard; sourceTree = "<group>"; };
		C539528428F5D6D500094060 /* Info.plist */ = {isa = PBXFileReference; lastKnownFileType = text.plist.xml; path = Info.plist; sourceTree = "<group>"; };
		C539528928F5D6D500094060 /* EssentialAppTests.xctest */ = {isa = PBXFileReference; explicitFileType = wrapper.cfbundle; includeInIndex = 0; path = EssentialAppTests.xctest; sourceTree = BUILT_PRODUCTS_DIR; };
		C539529328F5D6D500094060 /* EssentialAppUITests.xctest */ = {isa = PBXFileReference; explicitFileType = wrapper.cfbundle; includeInIndex = 0; path = EssentialAppUITests.xctest; sourceTree = BUILT_PRODUCTS_DIR; };
		C5436FFB29094E6D00A2A4B8 /* HTTPClientStub.swift */ = {isa = PBXFileReference; lastKnownFileType = sourcecode.swift; path = HTTPClientStub.swift; sourceTree = "<group>"; };
		C5436FFD29094EDE00A2A4B8 /* InMemoryFeedStore.swift */ = {isa = PBXFileReference; lastKnownFileType = sourcecode.swift; path = InMemoryFeedStore.swift; sourceTree = "<group>"; };
		C551A6CB29683E2600FF9F51 /* FeedUIIntegrationsTests+Localization.swift */ = {isa = PBXFileReference; lastKnownFileType = sourcecode.swift; path = "FeedUIIntegrationsTests+Localization.swift"; sourceTree = "<group>"; };
		C5599D6429657A1700703DC2 /* CombineHelpers.swift */ = {isa = PBXFileReference; lastKnownFileType = sourcecode.swift; path = CombineHelpers.swift; sourceTree = "<group>"; };
		C5B2216A28F5D95600FC61CF /* EssentialFeed.framework */ = {isa = PBXFileReference; explicitFileType = wrapper.framework; path = EssentialFeed.framework; sourceTree = BUILT_PRODUCTS_DIR; };
		C5B2216B28F5D95600FC61CF /* EssentialFeediOS.framework */ = {isa = PBXFileReference; explicitFileType = wrapper.framework; path = EssentialFeediOS.framework; sourceTree = BUILT_PRODUCTS_DIR; };
		C5C1B86B291576D000CF93F6 /* UIView+TestHelpers.swift */ = {isa = PBXFileReference; lastKnownFileType = sourcecode.swift; path = "UIView+TestHelpers.swift"; sourceTree = "<group>"; };
		C5DDA39229745BDB0026A7CF /* CommentsUIComposer.swift */ = {isa = PBXFileReference; lastKnownFileType = sourcecode.swift; path = CommentsUIComposer.swift; sourceTree = "<group>"; };
		C5DDA39429745C0B0026A7CF /* CommentsUIIntegrationTests.swift */ = {isa = PBXFileReference; lastKnownFileType = sourcecode.swift; path = CommentsUIIntegrationTests.swift; sourceTree = "<group>"; };
/* End PBXFileReference section */

/* Begin PBXFrameworksBuildPhase section */
		C539527028F5D6D500094060 /* Frameworks */ = {
			isa = PBXFrameworksBuildPhase;
			buildActionMask = 2147483647;
			files = (
				C5B2216C28F5D95600FC61CF /* EssentialFeed.framework in Frameworks */,
				C5B2216E28F5D95600FC61CF /* EssentialFeediOS.framework in Frameworks */,
			);
			runOnlyForDeploymentPostprocessing = 0;
		};
		C539528628F5D6D500094060 /* Frameworks */ = {
			isa = PBXFrameworksBuildPhase;
			buildActionMask = 2147483647;
			files = (
			);
			runOnlyForDeploymentPostprocessing = 0;
		};
		C539529028F5D6D500094060 /* Frameworks */ = {
			isa = PBXFrameworksBuildPhase;
			buildActionMask = 2147483647;
			files = (
			);
			runOnlyForDeploymentPostprocessing = 0;
		};
/* End PBXFrameworksBuildPhase section */

/* Begin PBXGroup section */
		C5296BE128F93A4300CA7381 /* Helpers */ = {
			isa = PBXGroup;
			children = (
				C50F8DC7290845990022D353 /* UIImage+TestHelpers.swift */,
				C50F8DC6290845990022D353 /* UIRefreshControl+TestHelpers.swift */,
				C50F8DC8290845990022D353 /* UIButton+TestHelpers.swift */,
				C50F8DC4290845990022D353 /* UIControl+TestHelpers.swift */,
				C50F8DC0290845990022D353 /* ListViewController+TestHelpers.swift */,
				C50F8DC5290845990022D353 /* FeedImageCell+TestHelpers.swift */,
				C50F8DC2290845990022D353 /* FeedViewControllerTests+LoaderSpy.swift */,
				C50F8DC1290845990022D353 /* FeedUIIntegrationTestsTests+Assertions.swift */,
				C50F8DC3290845990022D353 /* FeedViewControllerTests+Localization.swift */,
				C5296BE228F93A5C00CA7381 /* XCTestCase+MemoryLeakTracking.swift */,
				C5296BE428F93A9C00CA7381 /* SharedTestHelpers.swift */,
				C5436FFB29094E6D00A2A4B8 /* HTTPClientStub.swift */,
				C5436FFD29094EDE00A2A4B8 /* InMemoryFeedStore.swift */,
				C5C1B86B291576D000CF93F6 /* UIView+TestHelpers.swift */,
				C551A6CB29683E2600FF9F51 /* FeedUIIntegrationsTests+Localization.swift */,
			);
			path = Helpers;
			sourceTree = "<group>";
		};
		C539526A28F5D6D400094060 = {
			isa = PBXGroup;
			children = (
				C539527528F5D6D500094060 /* EssentialApp */,
				C539528C28F5D6D500094060 /* EssentialAppTests */,
				C539527428F5D6D500094060 /* Products */,
				C5B2216928F5D95600FC61CF /* Frameworks */,
			);
			sourceTree = "<group>";
		};
		C539527428F5D6D500094060 /* Products */ = {
			isa = PBXGroup;
			children = (
				C539527328F5D6D500094060 /* EssentialApp.app */,
				C539528928F5D6D500094060 /* EssentialAppTests.xctest */,
				C539529328F5D6D500094060 /* EssentialAppUITests.xctest */,
			);
			name = Products;
			sourceTree = "<group>";
		};
		C539527528F5D6D500094060 /* EssentialApp */ = {
			isa = PBXGroup;
			children = (
				C539527628F5D6D500094060 /* AppDelegate.swift */,
				C539527828F5D6D500094060 /* SceneDelegate.swift */,
				C539527A28F5D6D500094060 /* ViewController.swift */,
				C50F8DB7290845720022D353 /* FeedUIComposer.swift */,
				C50F8DB6290845720022D353 /* WeakRefVirtualProxy.swift */,
				C50F8DB4290845720022D353 /* LoadResourcePresentationAdapter.swift */,
				C50F8DB8290845720022D353 /* FeedViewAdapter.swift */,
				C539527F28F5D6D500094060 /* Assets.xcassets */,
				C539528128F5D6D500094060 /* LaunchScreen.storyboard */,
				C539528428F5D6D500094060 /* Info.plist */,
				C5599D6429657A1700703DC2 /* CombineHelpers.swift */,
				C5DDA39229745BDB0026A7CF /* CommentsUIComposer.swift */,
			);
			path = EssentialApp;
			sourceTree = "<group>";
		};
		C539528C28F5D6D500094060 /* EssentialAppTests */ = {
			isa = PBXGroup;
			children = (
				C5296BE128F93A4300CA7381 /* Helpers */,
				C50F8DD2290845C50022D353 /* FeedUIIntegrationTests.swift */,
				C50D2F4128F8805E00ED7ADF /* EssentialAppTests-Bridging-Header.h */,
				C50F8DB2290842630022D353 /* SceneDelegateTests.swift */,
				C526AE7A2908E1CE0046ABC8 /* FeedAcceptanceTests.swift */,
				C5DDA39429745C0B0026A7CF /* CommentsUIIntegrationTests.swift */,
			);
			path = EssentialAppTests;
			sourceTree = "<group>";
		};
		C5B2216928F5D95600FC61CF /* Frameworks */ = {
			isa = PBXGroup;
			children = (
				C5B2216A28F5D95600FC61CF /* EssentialFeed.framework */,
				C5B2216B28F5D95600FC61CF /* EssentialFeediOS.framework */,
			);
			name = Frameworks;
			sourceTree = "<group>";
		};
/* End PBXGroup section */

/* Begin PBXNativeTarget section */
		C539527228F5D6D500094060 /* EssentialApp */ = {
			isa = PBXNativeTarget;
			buildConfigurationList = C539529D28F5D6D500094060 /* Build configuration list for PBXNativeTarget "EssentialApp" */;
			buildPhases = (
				C539526F28F5D6D500094060 /* Sources */,
				C539527028F5D6D500094060 /* Frameworks */,
				C539527128F5D6D500094060 /* Resources */,
				C5B2217028F5D95600FC61CF /* Embed Frameworks */,
			);
			buildRules = (
			);
			dependencies = (
			);
			name = EssentialApp;
			productName = EssentialApp;
			productReference = C539527328F5D6D500094060 /* EssentialApp.app */;
			productType = "com.apple.product-type.application";
		};
		C539528828F5D6D500094060 /* EssentialAppTests */ = {
			isa = PBXNativeTarget;
			buildConfigurationList = C53952A028F5D6D500094060 /* Build configuration list for PBXNativeTarget "EssentialAppTests" */;
			buildPhases = (
				C539528528F5D6D500094060 /* Sources */,
				C539528628F5D6D500094060 /* Frameworks */,
				C539528728F5D6D500094060 /* Resources */,
			);
			buildRules = (
			);
			dependencies = (
				C539528B28F5D6D500094060 /* PBXTargetDependency */,
			);
			name = EssentialAppTests;
			productName = EssentialAppTests;
			productReference = C539528928F5D6D500094060 /* EssentialAppTests.xctest */;
			productType = "com.apple.product-type.bundle.unit-test";
		};
		C539529228F5D6D500094060 /* EssentialAppUITests */ = {
			isa = PBXNativeTarget;
			buildConfigurationList = C53952A328F5D6D500094060 /* Build configuration list for PBXNativeTarget "EssentialAppUITests" */;
			buildPhases = (
				C539528F28F5D6D500094060 /* Sources */,
				C539529028F5D6D500094060 /* Frameworks */,
				C539529128F5D6D500094060 /* Resources */,
			);
			buildRules = (
			);
			dependencies = (
				C539529528F5D6D500094060 /* PBXTargetDependency */,
			);
			name = EssentialAppUITests;
			productName = EssentialAppUITests;
			productReference = C539529328F5D6D500094060 /* EssentialAppUITests.xctest */;
			productType = "com.apple.product-type.bundle.ui-testing";
		};
/* End PBXNativeTarget section */

/* Begin PBXProject section */
		C539526B28F5D6D400094060 /* Project object */ = {
			isa = PBXProject;
			attributes = {
				BuildIndependentTargetsInParallel = 1;
				LastSwiftUpdateCheck = 1400;
				LastUpgradeCheck = 1400;
				TargetAttributes = {
					C539527228F5D6D500094060 = {
						CreatedOnToolsVersion = 14.0.1;
					};
					C539528828F5D6D500094060 = {
						CreatedOnToolsVersion = 14.0.1;
						LastSwiftMigration = 1400;
						TestTargetID = C539527228F5D6D500094060;
					};
					C539529228F5D6D500094060 = {
						CreatedOnToolsVersion = 14.0.1;
						TestTargetID = C539527228F5D6D500094060;
					};
				};
			};
			buildConfigurationList = C539526E28F5D6D400094060 /* Build configuration list for PBXProject "EssentialApp" */;
			compatibilityVersion = "Xcode 14.0";
			developmentRegion = en;
			hasScannedForEncodings = 0;
			knownRegions = (
				en,
				Base,
			);
			mainGroup = C539526A28F5D6D400094060;
			productRefGroup = C539527428F5D6D500094060 /* Products */;
			projectDirPath = "";
			projectRoot = "";
			targets = (
				C539527228F5D6D500094060 /* EssentialApp */,
				C539528828F5D6D500094060 /* EssentialAppTests */,
				C539529228F5D6D500094060 /* EssentialAppUITests */,
			);
		};
/* End PBXProject section */

/* Begin PBXResourcesBuildPhase section */
		C539527128F5D6D500094060 /* Resources */ = {
			isa = PBXResourcesBuildPhase;
			buildActionMask = 2147483647;
			files = (
				C539528328F5D6D500094060 /* LaunchScreen.storyboard in Resources */,
				C539528028F5D6D500094060 /* Assets.xcassets in Resources */,
			);
			runOnlyForDeploymentPostprocessing = 0;
		};
		C539528728F5D6D500094060 /* Resources */ = {
			isa = PBXResourcesBuildPhase;
			buildActionMask = 2147483647;
			files = (
			);
			runOnlyForDeploymentPostprocessing = 0;
		};
		C539529128F5D6D500094060 /* Resources */ = {
			isa = PBXResourcesBuildPhase;
			buildActionMask = 2147483647;
			files = (
			);
			runOnlyForDeploymentPostprocessing = 0;
		};
/* End PBXResourcesBuildPhase section */

/* Begin PBXSourcesBuildPhase section */
		C539526F28F5D6D500094060 /* Sources */ = {
			isa = PBXSourcesBuildPhase;
			buildActionMask = 2147483647;
			files = (
				C539527B28F5D6D500094060 /* ViewController.swift in Sources */,
				C50F8DBA290845720022D353 /* FeedUIComposer.swift in Sources */,
				C5599D6529657A1700703DC2 /* CombineHelpers.swift in Sources */,
				C539527728F5D6D500094060 /* AppDelegate.swift in Sources */,
				C5DDA39329745BDB0026A7CF /* CommentsUIComposer.swift in Sources */,
				C50F8DBC290845720022D353 /* FeedViewAdapter.swift in Sources */,
				C539527928F5D6D500094060 /* SceneDelegate.swift in Sources */,
				C50F8DBE290845720022D353 /* WeakRefVirtualProxy.swift in Sources */,
				C50F8DBF290845720022D353 /* LoadResourcePresentationAdapter.swift in Sources */,
			);
			runOnlyForDeploymentPostprocessing = 0;
		};
		C539528528F5D6D500094060 /* Sources */ = {
			isa = PBXSourcesBuildPhase;
			buildActionMask = 2147483647;
			files = (
				C5296BE528F93A9C00CA7381 /* SharedTestHelpers.swift in Sources */,
				C50F8DC9290845990022D353 /* UIRefreshControl+TestHelpers.swift in Sources */,
				C50F8DD1290845990022D353 /* UIControl+TestHelpers.swift in Sources */,
				C50F8DCE290845990022D353 /* FeedViewControllerTests+LoaderSpy.swift in Sources */,
				C50F8DCF290845990022D353 /* FeedViewControllerTests+Localization.swift in Sources */,
				C50F8DB3290842630022D353 /* SceneDelegateTests.swift in Sources */,
				C50F8DCA290845990022D353 /* ListViewController+TestHelpers.swift in Sources */,
				C5436FFE29094EDE00A2A4B8 /* InMemoryFeedStore.swift in Sources */,
				C50F8DCC290845990022D353 /* UIImage+TestHelpers.swift in Sources */,
				C50F8DD0290845990022D353 /* FeedUIIntegrationTestsTests+Assertions.swift in Sources */,
				C5436FFC29094E6D00A2A4B8 /* HTTPClientStub.swift in Sources */,
				C5C1B86C291576D000CF93F6 /* UIView+TestHelpers.swift in Sources */,
				C50F8DCB290845990022D353 /* UIButton+TestHelpers.swift in Sources */,
				C526AE7B2908E1CE0046ABC8 /* FeedAcceptanceTests.swift in Sources */,
				C5296BE328F93A5C00CA7381 /* XCTestCase+MemoryLeakTracking.swift in Sources */,
				C50F8DD3290845C50022D353 /* FeedUIIntegrationTests.swift in Sources */,
				C50F8DCD290845990022D353 /* FeedImageCell+TestHelpers.swift in Sources */,
				C551A6CC29683E2600FF9F51 /* FeedUIIntegrationsTests+Localization.swift in Sources */,
				C5DDA39529745C0B0026A7CF /* CommentsUIIntegrationTests.swift in Sources */,
			);
			runOnlyForDeploymentPostprocessing = 0;
		};
		C539528F28F5D6D500094060 /* Sources */ = {
			isa = PBXSourcesBuildPhase;
			buildActionMask = 2147483647;
			files = (
			);
			runOnlyForDeploymentPostprocessing = 0;
		};
/* End PBXSourcesBuildPhase section */

/* Begin PBXTargetDependency section */
		C539528B28F5D6D500094060 /* PBXTargetDependency */ = {
			isa = PBXTargetDependency;
			target = C539527228F5D6D500094060 /* EssentialApp */;
			targetProxy = C539528A28F5D6D500094060 /* PBXContainerItemProxy */;
		};
		C539529528F5D6D500094060 /* PBXTargetDependency */ = {
			isa = PBXTargetDependency;
			target = C539527228F5D6D500094060 /* EssentialApp */;
			targetProxy = C539529428F5D6D500094060 /* PBXContainerItemProxy */;
		};
/* End PBXTargetDependency section */

/* Begin PBXVariantGroup section */
		C539528128F5D6D500094060 /* LaunchScreen.storyboard */ = {
			isa = PBXVariantGroup;
			children = (
				C539528228F5D6D500094060 /* Base */,
			);
			name = LaunchScreen.storyboard;
			sourceTree = "<group>";
		};
/* End PBXVariantGroup section */

/* Begin XCBuildConfiguration section */
		C539529B28F5D6D500094060 /* Debug */ = {
			isa = XCBuildConfiguration;
			buildSettings = {
				ALWAYS_SEARCH_USER_PATHS = NO;
				CLANG_ANALYZER_NONNULL = YES;
				CLANG_ANALYZER_NUMBER_OBJECT_CONVERSION = YES_AGGRESSIVE;
				CLANG_CXX_LANGUAGE_STANDARD = "gnu++20";
				CLANG_ENABLE_MODULES = YES;
				CLANG_ENABLE_OBJC_ARC = YES;
				CLANG_ENABLE_OBJC_WEAK = YES;
				CLANG_WARN_BLOCK_CAPTURE_AUTORELEASING = YES;
				CLANG_WARN_BOOL_CONVERSION = YES;
				CLANG_WARN_COMMA = YES;
				CLANG_WARN_CONSTANT_CONVERSION = YES;
				CLANG_WARN_DEPRECATED_OBJC_IMPLEMENTATIONS = YES;
				CLANG_WARN_DIRECT_OBJC_ISA_USAGE = YES_ERROR;
				CLANG_WARN_DOCUMENTATION_COMMENTS = YES;
				CLANG_WARN_EMPTY_BODY = YES;
				CLANG_WARN_ENUM_CONVERSION = YES;
				CLANG_WARN_INFINITE_RECURSION = YES;
				CLANG_WARN_INT_CONVERSION = YES;
				CLANG_WARN_NON_LITERAL_NULL_CONVERSION = YES;
				CLANG_WARN_OBJC_IMPLICIT_RETAIN_SELF = YES;
				CLANG_WARN_OBJC_LITERAL_CONVERSION = YES;
				CLANG_WARN_OBJC_ROOT_CLASS = YES_ERROR;
				CLANG_WARN_QUOTED_INCLUDE_IN_FRAMEWORK_HEADER = YES;
				CLANG_WARN_RANGE_LOOP_ANALYSIS = YES;
				CLANG_WARN_STRICT_PROTOTYPES = YES;
				CLANG_WARN_SUSPICIOUS_MOVE = YES;
				CLANG_WARN_UNGUARDED_AVAILABILITY = YES_AGGRESSIVE;
				CLANG_WARN_UNREACHABLE_CODE = YES;
				CLANG_WARN__DUPLICATE_METHOD_MATCH = YES;
				COPY_PHASE_STRIP = NO;
				DEBUG_INFORMATION_FORMAT = dwarf;
				ENABLE_STRICT_OBJC_MSGSEND = YES;
				ENABLE_TESTABILITY = YES;
				GCC_C_LANGUAGE_STANDARD = gnu11;
				GCC_DYNAMIC_NO_PIC = NO;
				GCC_NO_COMMON_BLOCKS = YES;
				GCC_OPTIMIZATION_LEVEL = 0;
				GCC_PREPROCESSOR_DEFINITIONS = (
					"DEBUG=1",
					"$(inherited)",
				);
				GCC_WARN_64_TO_32_BIT_CONVERSION = YES;
				GCC_WARN_ABOUT_RETURN_TYPE = YES_ERROR;
				GCC_WARN_UNDECLARED_SELECTOR = YES;
				GCC_WARN_UNINITIALIZED_AUTOS = YES_AGGRESSIVE;
				GCC_WARN_UNUSED_FUNCTION = YES;
				GCC_WARN_UNUSED_VARIABLE = YES;
				IPHONEOS_DEPLOYMENT_TARGET = 15.2;
				MTL_ENABLE_DEBUG_INFO = INCLUDE_SOURCE;
				MTL_FAST_MATH = YES;
				ONLY_ACTIVE_ARCH = YES;
				SDKROOT = iphoneos;
				SWIFT_ACTIVE_COMPILATION_CONDITIONS = DEBUG;
				SWIFT_OPTIMIZATION_LEVEL = "-Onone";
			};
			name = Debug;
		};
		C539529C28F5D6D500094060 /* Release */ = {
			isa = XCBuildConfiguration;
			buildSettings = {
				ALWAYS_SEARCH_USER_PATHS = NO;
				CLANG_ANALYZER_NONNULL = YES;
				CLANG_ANALYZER_NUMBER_OBJECT_CONVERSION = YES_AGGRESSIVE;
				CLANG_CXX_LANGUAGE_STANDARD = "gnu++20";
				CLANG_ENABLE_MODULES = YES;
				CLANG_ENABLE_OBJC_ARC = YES;
				CLANG_ENABLE_OBJC_WEAK = YES;
				CLANG_WARN_BLOCK_CAPTURE_AUTORELEASING = YES;
				CLANG_WARN_BOOL_CONVERSION = YES;
				CLANG_WARN_COMMA = YES;
				CLANG_WARN_CONSTANT_CONVERSION = YES;
				CLANG_WARN_DEPRECATED_OBJC_IMPLEMENTATIONS = YES;
				CLANG_WARN_DIRECT_OBJC_ISA_USAGE = YES_ERROR;
				CLANG_WARN_DOCUMENTATION_COMMENTS = YES;
				CLANG_WARN_EMPTY_BODY = YES;
				CLANG_WARN_ENUM_CONVERSION = YES;
				CLANG_WARN_INFINITE_RECURSION = YES;
				CLANG_WARN_INT_CONVERSION = YES;
				CLANG_WARN_NON_LITERAL_NULL_CONVERSION = YES;
				CLANG_WARN_OBJC_IMPLICIT_RETAIN_SELF = YES;
				CLANG_WARN_OBJC_LITERAL_CONVERSION = YES;
				CLANG_WARN_OBJC_ROOT_CLASS = YES_ERROR;
				CLANG_WARN_QUOTED_INCLUDE_IN_FRAMEWORK_HEADER = YES;
				CLANG_WARN_RANGE_LOOP_ANALYSIS = YES;
				CLANG_WARN_STRICT_PROTOTYPES = YES;
				CLANG_WARN_SUSPICIOUS_MOVE = YES;
				CLANG_WARN_UNGUARDED_AVAILABILITY = YES_AGGRESSIVE;
				CLANG_WARN_UNREACHABLE_CODE = YES;
				CLANG_WARN__DUPLICATE_METHOD_MATCH = YES;
				COPY_PHASE_STRIP = NO;
				DEBUG_INFORMATION_FORMAT = "dwarf-with-dsym";
				ENABLE_NS_ASSERTIONS = NO;
				ENABLE_STRICT_OBJC_MSGSEND = YES;
				GCC_C_LANGUAGE_STANDARD = gnu11;
				GCC_NO_COMMON_BLOCKS = YES;
				GCC_WARN_64_TO_32_BIT_CONVERSION = YES;
				GCC_WARN_ABOUT_RETURN_TYPE = YES_ERROR;
				GCC_WARN_UNDECLARED_SELECTOR = YES;
				GCC_WARN_UNINITIALIZED_AUTOS = YES_AGGRESSIVE;
				GCC_WARN_UNUSED_FUNCTION = YES;
				GCC_WARN_UNUSED_VARIABLE = YES;
				IPHONEOS_DEPLOYMENT_TARGET = 15.2;
				MTL_ENABLE_DEBUG_INFO = NO;
				MTL_FAST_MATH = YES;
				SDKROOT = iphoneos;
				SWIFT_COMPILATION_MODE = wholemodule;
				SWIFT_OPTIMIZATION_LEVEL = "-O";
				VALIDATE_PRODUCT = YES;
			};
			name = Release;
		};
		C539529E28F5D6D500094060 /* Debug */ = {
			isa = XCBuildConfiguration;
			buildSettings = {
				ASSETCATALOG_COMPILER_APPICON_NAME = AppIcon;
				ASSETCATALOG_COMPILER_GLOBAL_ACCENT_COLOR_NAME = AccentColor;
				CODE_SIGN_STYLE = Automatic;
				CURRENT_PROJECT_VERSION = 1;
				DEVELOPMENT_TEAM = TW33JLNEJL;
				GENERATE_INFOPLIST_FILE = YES;
				INFOPLIST_FILE = EssentialApp/Info.plist;
				INFOPLIST_KEY_UIApplicationSupportsIndirectInputEvents = YES;
				INFOPLIST_KEY_UILaunchStoryboardName = "";
				INFOPLIST_KEY_UISupportedInterfaceOrientations = UIInterfaceOrientationPortrait;
				IPHONEOS_DEPLOYMENT_TARGET = 15.2;
				LD_RUNPATH_SEARCH_PATHS = (
					"$(inherited)",
					"@executable_path/Frameworks",
				);
				MARKETING_VERSION = 1.0;
				PRODUCT_BUNDLE_IDENTIFIER = com.firdavsbagirov.EssentialApp;
				PRODUCT_NAME = "$(TARGET_NAME)";
				SWIFT_EMIT_LOC_STRINGS = YES;
				SWIFT_VERSION = 5.0;
				TARGETED_DEVICE_FAMILY = "1,2";
			};
			name = Debug;
		};
		C539529F28F5D6D500094060 /* Release */ = {
			isa = XCBuildConfiguration;
			buildSettings = {
				ASSETCATALOG_COMPILER_APPICON_NAME = AppIcon;
				ASSETCATALOG_COMPILER_GLOBAL_ACCENT_COLOR_NAME = AccentColor;
				CODE_SIGN_STYLE = Automatic;
				CURRENT_PROJECT_VERSION = 1;
				DEVELOPMENT_TEAM = TW33JLNEJL;
				GENERATE_INFOPLIST_FILE = YES;
				INFOPLIST_FILE = EssentialApp/Info.plist;
				INFOPLIST_KEY_UIApplicationSupportsIndirectInputEvents = YES;
				INFOPLIST_KEY_UILaunchStoryboardName = "";
				INFOPLIST_KEY_UISupportedInterfaceOrientations = UIInterfaceOrientationPortrait;
				IPHONEOS_DEPLOYMENT_TARGET = 15.2;
				LD_RUNPATH_SEARCH_PATHS = (
					"$(inherited)",
					"@executable_path/Frameworks",
				);
				MARKETING_VERSION = 1.0;
				PRODUCT_BUNDLE_IDENTIFIER = com.firdavsbagirov.EssentialApp;
				PRODUCT_NAME = "$(TARGET_NAME)";
				SWIFT_EMIT_LOC_STRINGS = YES;
				SWIFT_VERSION = 5.0;
				TARGETED_DEVICE_FAMILY = "1,2";
			};
			name = Release;
		};
		C53952A128F5D6D500094060 /* Debug */ = {
			isa = XCBuildConfiguration;
			buildSettings = {
				ALWAYS_EMBED_SWIFT_STANDARD_LIBRARIES = YES;
				BUNDLE_LOADER = "$(TEST_HOST)";
				CLANG_ENABLE_MODULES = YES;
				CODE_SIGN_STYLE = Automatic;
				CURRENT_PROJECT_VERSION = 1;
				DEVELOPMENT_TEAM = TW33JLNEJL;
				GENERATE_INFOPLIST_FILE = YES;
				IPHONEOS_DEPLOYMENT_TARGET = 15.2;
				LD_RUNPATH_SEARCH_PATHS = (
					"$(inherited)",
					"@executable_path/Frameworks",
					"@loader_path/Frameworks",
				);
				MARKETING_VERSION = 1.0;
				PRODUCT_BUNDLE_IDENTIFIER = com.firdavsbagirov.EssentialAppTests;
				PRODUCT_NAME = "$(TARGET_NAME)";
				SWIFT_EMIT_LOC_STRINGS = NO;
				SWIFT_OBJC_BRIDGING_HEADER = "EssentialAppTests/EssentialAppTests-Bridging-Header.h";
				SWIFT_OPTIMIZATION_LEVEL = "-Onone";
				SWIFT_VERSION = 5.0;
				TARGETED_DEVICE_FAMILY = "1,2";
				TEST_HOST = "$(BUILT_PRODUCTS_DIR)/EssentialApp.app/$(BUNDLE_EXECUTABLE_FOLDER_PATH)/EssentialApp";
			};
			name = Debug;
		};
		C53952A228F5D6D500094060 /* Release */ = {
			isa = XCBuildConfiguration;
			buildSettings = {
				ALWAYS_EMBED_SWIFT_STANDARD_LIBRARIES = YES;
				BUNDLE_LOADER = "$(TEST_HOST)";
				CLANG_ENABLE_MODULES = YES;
				CODE_SIGN_STYLE = Automatic;
				CURRENT_PROJECT_VERSION = 1;
				DEVELOPMENT_TEAM = TW33JLNEJL;
				GENERATE_INFOPLIST_FILE = YES;
				IPHONEOS_DEPLOYMENT_TARGET = 15.2;
				LD_RUNPATH_SEARCH_PATHS = (
					"$(inherited)",
					"@executable_path/Frameworks",
					"@loader_path/Frameworks",
				);
				MARKETING_VERSION = 1.0;
				PRODUCT_BUNDLE_IDENTIFIER = com.firdavsbagirov.EssentialAppTests;
				PRODUCT_NAME = "$(TARGET_NAME)";
				SWIFT_EMIT_LOC_STRINGS = NO;
				SWIFT_OBJC_BRIDGING_HEADER = "EssentialAppTests/EssentialAppTests-Bridging-Header.h";
				SWIFT_VERSION = 5.0;
				TARGETED_DEVICE_FAMILY = "1,2";
				TEST_HOST = "$(BUILT_PRODUCTS_DIR)/EssentialApp.app/$(BUNDLE_EXECUTABLE_FOLDER_PATH)/EssentialApp";
			};
			name = Release;
		};
		C53952A428F5D6D500094060 /* Debug */ = {
			isa = XCBuildConfiguration;
			buildSettings = {
				ALWAYS_EMBED_SWIFT_STANDARD_LIBRARIES = YES;
				CODE_SIGN_STYLE = Automatic;
				CURRENT_PROJECT_VERSION = 1;
				DEVELOPMENT_TEAM = TW33JLNEJL;
				GENERATE_INFOPLIST_FILE = YES;
				MARKETING_VERSION = 1.0;
				PRODUCT_BUNDLE_IDENTIFIER = com.firdavsbagirov.EssentialAppUITests;
				PRODUCT_NAME = "$(TARGET_NAME)";
				SWIFT_EMIT_LOC_STRINGS = NO;
				SWIFT_VERSION = 5.0;
				TARGETED_DEVICE_FAMILY = "1,2";
				TEST_TARGET_NAME = EssentialApp;
			};
			name = Debug;
		};
		C53952A528F5D6D500094060 /* Release */ = {
			isa = XCBuildConfiguration;
			buildSettings = {
				ALWAYS_EMBED_SWIFT_STANDARD_LIBRARIES = YES;
				CODE_SIGN_STYLE = Automatic;
				CURRENT_PROJECT_VERSION = 1;
				DEVELOPMENT_TEAM = TW33JLNEJL;
				GENERATE_INFOPLIST_FILE = YES;
				MARKETING_VERSION = 1.0;
				PRODUCT_BUNDLE_IDENTIFIER = com.firdavsbagirov.EssentialAppUITests;
				PRODUCT_NAME = "$(TARGET_NAME)";
				SWIFT_EMIT_LOC_STRINGS = NO;
				SWIFT_VERSION = 5.0;
				TARGETED_DEVICE_FAMILY = "1,2";
				TEST_TARGET_NAME = EssentialApp;
			};
			name = Release;
		};
/* End XCBuildConfiguration section */

/* Begin XCConfigurationList section */
		C539526E28F5D6D400094060 /* Build configuration list for PBXProject "EssentialApp" */ = {
			isa = XCConfigurationList;
			buildConfigurations = (
				C539529B28F5D6D500094060 /* Debug */,
				C539529C28F5D6D500094060 /* Release */,
			);
			defaultConfigurationIsVisible = 0;
			defaultConfigurationName = Release;
		};
		C539529D28F5D6D500094060 /* Build configuration list for PBXNativeTarget "EssentialApp" */ = {
			isa = XCConfigurationList;
			buildConfigurations = (
				C539529E28F5D6D500094060 /* Debug */,
				C539529F28F5D6D500094060 /* Release */,
			);
			defaultConfigurationIsVisible = 0;
			defaultConfigurationName = Release;
		};
		C53952A028F5D6D500094060 /* Build configuration list for PBXNativeTarget "EssentialAppTests" */ = {
			isa = XCConfigurationList;
			buildConfigurations = (
				C53952A128F5D6D500094060 /* Debug */,
				C53952A228F5D6D500094060 /* Release */,
			);
			defaultConfigurationIsVisible = 0;
			defaultConfigurationName = Release;
		};
		C53952A328F5D6D500094060 /* Build configuration list for PBXNativeTarget "EssentialAppUITests" */ = {
			isa = XCConfigurationList;
			buildConfigurations = (
				C53952A428F5D6D500094060 /* Debug */,
				C53952A528F5D6D500094060 /* Release */,
			);
			defaultConfigurationIsVisible = 0;
			defaultConfigurationName = Release;
		};
/* End XCConfigurationList section */
	};
	rootObject = C539526B28F5D6D400094060 /* Project object */;
}
